PATH
  remote: .
  specs:
    bifrost-rb (0.1.0)
      dry-monads (~> 1.8)
      dry-struct (~> 1.5)
      dry-types (~> 1.5)
      dry-validation (~> 1.11)

GEM
  remote: https://rubygems.org/
  specs:
    activesupport (8.1.2)
      base64
      bigdecimal
      concurrent-ruby (~> 1.0, >= 1.3.1)
      connection_pool (>= 2.2.5)
      drb
      i18n (>= 1.6, < 2)
      json
      logger (>= 1.4.2)
      minitest (>= 5.1)
      securerandom (>= 0.3)
      tzinfo (~> 2.0, >= 2.0.5)
      uri (>= 0.13.1)
    aruba (2.3.3)
      bundler (>= 1.17)
      contracts (>= 0.16.0, < 0.18.0)
      cucumber (>= 8.0, < 11.0)
      rspec-expectations (>= 3.4, < 5.0)
      thor (~> 1.0)
    ast (2.4.3)
    base64 (0.3.0)
    bigdecimal (4.0.1)
    brakeman (8.0.2)
      racc
    builder (3.3.0)
    bundler-audit (0.9.3)
      bundler (>= 1.2.0)
      thor (~> 1.0)
    byebug (13.0.0)
      reline (>= 0.6.0)
    coderay (1.1.3)
    colorize (1.1.0)
    concurrent-ruby (1.3.6)
    connection_pool (3.0.2)
    contracts (0.17.3)
    cucumber (10.2.0)
      base64 (~> 0.2)
      builder (~> 3.2)
      cucumber-ci-environment (> 9, < 12)
      cucumber-core (> 15, < 17)
      cucumber-cucumber-expressions (> 17, < 20)
      cucumber-html-formatter (> 21, < 23)
      diff-lcs (~> 1.5)
      logger (~> 1.6)
      mini_mime (~> 1.1)
      multi_test (~> 1.1)
      sys-uname (~> 1.3)
    cucumber-ci-environment (11.0.0)
    cucumber-core (16.2.0)
      cucumber-gherkin (> 36, < 40)
      cucumber-messages (> 31, < 33)
      cucumber-tag-expressions (> 6, < 9)
    cucumber-cucumber-expressions (19.0.0)
      bigdecimal
    cucumber-gherkin (38.0.0)
      cucumber-messages (>= 31, < 33)
    cucumber-html-formatter (22.3.0)
      cucumber-messages (> 23, < 33)
    cucumber-messages (32.0.1)
    cucumber-tag-expressions (8.1.0)
    date (3.5.1)
    diff-lcs (1.6.2)
    docile (1.4.1)
    drb (2.2.3)
    dry-configurable (1.3.0)
      dry-core (~> 1.1)
      zeitwerk (~> 2.6)
    dry-core (1.2.0)
      concurrent-ruby (~> 1.0)
      logger
      zeitwerk (~> 2.6)
    dry-inflector (1.3.1)
    dry-initializer (3.2.0)
    dry-logic (1.6.0)
      bigdecimal
      concurrent-ruby (~> 1.0)
      dry-core (~> 1.1)
      zeitwerk (~> 2.6)
    dry-monads (1.9.0)
      concurrent-ruby (~> 1.0)
      dry-core (~> 1.1)
      zeitwerk (~> 2.6)
    dry-schema (1.15.0)
      concurrent-ruby (~> 1.0)
      dry-configurable (~> 1.0, >= 1.0.1)
      dry-core (~> 1.1)
      dry-initializer (~> 3.2)
      dry-logic (~> 1.6)
      dry-types (~> 1.8)
      zeitwerk (~> 2.6)
    dry-struct (1.8.0)
      dry-core (~> 1.1)
      dry-types (~> 1.8, >= 1.8.2)
      ice_nine (~> 0.11)
      zeitwerk (~> 2.6)
    dry-types (1.9.1)
      bigdecimal (>= 3.0)
      concurrent-ruby (~> 1.0)
      dry-core (~> 1.0)
      dry-inflector (~> 1.0)
      dry-logic (~> 1.4)
      zeitwerk (~> 2.6)
    dry-validation (1.11.1)
      concurrent-ruby (~> 1.0)
      dry-core (~> 1.1)
      dry-initializer (~> 3.2)
      dry-schema (~> 1.14)
      zeitwerk (~> 2.6)
    erb (6.0.1)
    ffi (1.17.3)
    ffi (1.17.3-arm64-darwin)
    i18n (1.14.8)
      concurrent-ruby (~> 1.0)
    ice_nine (0.11.2)
    io-console (0.8.2)
    irb (1.17.0)
      pp (>= 0.6.0)
      prism (>= 1.3.0)
      rdoc (>= 4.0.0)
      reline (>= 0.4.2)
    json (2.18.1)
    language_server-protocol (3.17.0.5)
    lint_roller (1.1.0)
    logger (1.7.0)
    memoist3 (1.0.0)
    method_source (1.1.0)
    mini_mime (1.1.5)
    minitest (6.0.1)
      prism (~> 1.5)
    multi_test (1.1.0)
    optparse (0.8.1)
    parallel (1.27.0)
    parser (3.3.10.1)
      ast (~> 2.4.1)
      racc
    pp (0.6.3)
      prettyprint
    prettyprint (0.2.0)
    prism (1.9.0)
    pry (0.16.0)
      coderay (~> 1.1)
      method_source (~> 1.0)
      reline (>= 0.6.0)
    pry-byebug (3.12.0)
      byebug (~> 13.0)
      pry (>= 0.13, < 0.17)
    psych (5.3.1)
      date
      stringio
    racc (1.8.1)
    rack (3.2.4)
    rainbow (3.1.1)
    rake (13.3.1)
    rdoc (7.2.0)
      erb
      psych (>= 4.0.0)
      tsort
    regexp_parser (2.11.3)
    reline (0.6.3)
      io-console (~> 0.5)
    rspec (3.13.2)
      rspec-core (~> 3.13.0)
      rspec-expectations (~> 3.13.0)
      rspec-mocks (~> 3.13.0)
    rspec-core (3.13.6)
      rspec-support (~> 3.13.0)
    rspec-expectations (3.13.5)
      diff-lcs (>= 1.2.0, < 2.0)
      rspec-support (~> 3.13.0)
    rspec-mocks (3.13.7)
      diff-lcs (>= 1.2.0, < 2.0)
      rspec-support (~> 3.13.0)
    rspec-support (3.13.7)
    rubocop (1.84.2)
      json (~> 2.3)
      language_server-protocol (~> 3.17.0.2)
      lint_roller (~> 1.1.0)
      parallel (~> 1.10)
      parser (>= 3.3.0.2)
      rainbow (>= 2.2.2, < 4.0)
      regexp_parser (>= 2.9.3, < 3.0)
      rubocop-ast (>= 1.49.0, < 2.0)
      ruby-progressbar (~> 1.7)
      unicode-display_width (>= 2.4.0, < 4.0)
    rubocop-ast (1.49.0)
      parser (>= 3.3.7.2)
      prism (~> 1.7)
    rubocop-performance (1.26.1)
      lint_roller (~> 1.1)
      rubocop (>= 1.75.0, < 2.0)
      rubocop-ast (>= 1.47.1, < 2.0)
    rubocop-rails (2.34.3)
      activesupport (>= 4.2.0)
      lint_roller (~> 1.1)
      rack (>= 1.1)
      rubocop (>= 1.75.0, < 2.0)
      rubocop-ast (>= 1.44.0, < 2.0)
    rubocop-rails-omakase (1.1.0)
      rubocop (>= 1.72)
      rubocop-performance (>= 1.24)
      rubocop-rails (>= 2.30)
    rubocop-rspec (3.9.0)
      lint_roller (~> 1.1)
      rubocop (~> 1.81)
    rubocop-thread_safety (0.7.3)
      lint_roller (~> 1.1)
      rubocop (~> 1.72, >= 1.72.1)
      rubocop-ast (>= 1.44.0, < 2.0)
    ruby-progressbar (1.13.0)
    ruby_audit (3.1.0)
      bundler-audit (~> 0.9.0)
    securerandom (0.4.1)
    simplecov (0.22.0)
      docile (~> 1.1)
      simplecov-html (~> 0.11)
      simplecov_json_formatter (~> 0.1)
    simplecov-html (0.13.2)
    simplecov_json_formatter (0.1.4)
    standard (1.54.0)
      language_server-protocol (~> 3.17.0.2)
      lint_roller (~> 1.0)
      rubocop (~> 1.84.0)
      standard-custom (~> 1.0.0)
      standard-performance (~> 1.8)
    standard-custom (1.0.2)
      lint_roller (~> 1.0)
      rubocop (~> 1.50)
    standard-performance (1.9.0)
      lint_roller (~> 1.1)
      rubocop-performance (~> 1.26.0)
    stringio (3.2.0)
    sys-uname (1.4.1)
      ffi (~> 1.1)
      memoist3 (~> 1.0.0)
    thor (1.5.0)
    tsort (0.2.0)
    tzinfo (2.0.6)
      concurrent-ruby (~> 1.0)
    unicode-display_width (3.2.0)
      unicode-emoji (~> 4.1)
    unicode-emoji (4.2.0)
    uri (1.1.1)
    zeitwerk (2.7.4)

PLATFORMS
  arm64-darwin-25
  ruby

DEPENDENCIES
  aruba
  bifrost-rb!
  brakeman
  colorize
  irb
  optparse
  pry
  pry-byebug
  rake (~> 13.0)
  rspec
  rubocop-rails-omakase
  rubocop-rspec
  rubocop-thread_safety
  ruby_audit
  simplecov
  standard
  thor

CHECKSUMS
  activesupport (8.1.2) sha256=88842578ccd0d40f658289b0e8c842acfe9af751afee2e0744a7873f50b6fdae
  aruba (2.3.3) sha256=837a2f023368a75a38ad9be227e9738ab9af7df3b3f35afd8fb5fc5f7a93f1d4
  ast (2.4.3) sha256=954615157c1d6a382bc27d690d973195e79db7f55e9765ac7c481c60bdb4d383
  base64 (0.3.0) sha256=27337aeabad6ffae05c265c450490628ef3ebd4b67be58257393227588f5a97b
  bifrost-rb (0.1.0)
  bigdecimal (4.0.1) sha256=8b07d3d065a9f921c80ceaea7c9d4ae596697295b584c296fe599dd0ad01c4a7
  brakeman (8.0.2) sha256=7b02065ce8b1de93949cefd3f2ad78e8eb370e644b95c8556a32a912a782426a
  builder (3.3.0) sha256=497918d2f9dca528fdca4b88d84e4ef4387256d984b8154e9d5d3fe5a9c8835f
  bundler-audit (0.9.3) sha256=81c8766c71e47d0d28a0f98c7eed028539f21a6ea3cd8f685eb6f42333c9b4e9
  byebug (13.0.0) sha256=d2263efe751941ca520fa29744b71972d39cbc41839496706f5d9b22e92ae05d
  coderay (1.1.3) sha256=dc530018a4684512f8f38143cd2a096c9f02a1fc2459edcfe534787a7fc77d4b
  colorize (1.1.0) sha256=30b5237f0603f6662ab8d1fc2bd4a96142b806c6415d79e45ef5fdc6a0cfc837
  concurrent-ruby (1.3.6) sha256=6b56837e1e7e5292f9864f34b69c5a2cbc75c0cf5338f1ce9903d10fa762d5ab
  connection_pool (3.0.2) sha256=33fff5ba71a12d2aa26cb72b1db8bba2a1a01823559fb01d29eb74c286e62e0a
  contracts (0.17.3) sha256=e72e626413ea47099becb7b5683beb1c2ea902c69f5bad55c9258fe2b48314d7
  cucumber (10.2.0) sha256=fdedbd31ecf40858b60f04853f2aa15c44f5c30bbac29c6a227fa1e7005a8158
  cucumber-ci-environment (11.0.0) sha256=0df79a9e1d0b015b3d9def680f989200d96fef206f4d19ccf86a338c4f71d1e2
  cucumber-core (16.2.0) sha256=592b58a95cf42feef8e5a349f68e363784ba3b6568ffbcf6776e38e136cf970b
  cucumber-cucumber-expressions (19.0.0) sha256=33208ff204732ac9bed42b46993a0a243054f71ece08579d57e53df6a1c9d93a
  cucumber-gherkin (38.0.0) sha256=3e5846badf646eaec482b07067520e4494f370a0cfa5474d63522ca2ace800c4
  cucumber-html-formatter (22.3.0) sha256=f9768ed05588dbd73a5f3824c2cc648bd86b00206e6972d743af8051281d0729
  cucumber-messages (32.0.1) sha256=8889d29fa5486e6523bd537e95fbf86b99eb11258528d2d55af4b806594ffcff
  cucumber-tag-expressions (8.1.0) sha256=9bd8c4b6654f8e5bf2a9c99329b6f32136a75e50cd39d4cfb3927d0fa9f52e21
  date (3.5.1) sha256=750d06384d7b9c15d562c76291407d89e368dda4d4fff957eb94962d325a0dc0
  diff-lcs (1.6.2) sha256=9ae0d2cba7d4df3075fe8cd8602a8604993efc0dfa934cff568969efb1909962
  docile (1.4.1) sha256=96159be799bfa73cdb721b840e9802126e4e03dfc26863db73647204c727f21e
  drb (2.2.3) sha256=0b00d6fdb50995fe4a45dea13663493c841112e4068656854646f418fda13373
  dry-configurable (1.3.0) sha256=882d862858567fc1210d2549d4c090f34370fc1bb7c5c1933de3fe792e18afa8
  dry-core (1.2.0) sha256=0cc5a7da88df397f153947eeeae42e876e999c1e30900f3c536fb173854e96a1
  dry-inflector (1.3.1) sha256=7fb0c2bb04f67638f25c52e7ba39ab435d922a3a5c3cd196120f63accb682dcc
  dry-initializer (3.2.0) sha256=37d59798f912dc0a1efe14a4db4a9306989007b302dcd5f25d0a2a20c166c4e3
  dry-logic (1.6.0) sha256=da6fedbc0f90fc41f9b0cc7e6f05f5d529d1efaef6c8dcc8e0733f685745cea2
  dry-monads (1.9.0) sha256=9348a67b5c862c7a876342dbd94737fdf3fb3c17978382cf6801a85b27215816
  dry-schema (1.15.0) sha256=0f2a34adba4206bd6d46ec1b6b7691b402e198eecaff1d8349a7d48a77d82cd2
  dry-struct (1.8.0) sha256=74c38b559924fb6462ac43ec780c4533a082d7b1d238a8d7857b773b3b8e2966
  dry-types (1.9.1) sha256=baebeecdb9f8395d6c9d227b62011279440943e3ef2468fe8ccc1ba11467f178
  dry-validation (1.11.1) sha256=70900bb5a2d911c8aab566d3e360c6bff389b8bf92ea8e04885ce51c41ff8085
  erb (6.0.1) sha256=28ecdd99c5472aebd5674d6061e3c6b0a45c049578b071e5a52c2a7f13c197e5
  ffi (1.17.3) sha256=0e9f39f7bb3934f77ad6feab49662be77e87eedcdeb2a3f5c0234c2938563d4c
  ffi (1.17.3-arm64-darwin) sha256=0c690555d4cee17a7f07c04d59df39b2fba74ec440b19da1f685c6579bb0717f
  i18n (1.14.8) sha256=285778639134865c5e0f6269e0b818256017e8cde89993fdfcbfb64d088824a5
  ice_nine (0.11.2) sha256=5d506a7d2723d5592dc121b9928e4931742730131f22a1a37649df1c1e2e63db
  io-console (0.8.2) sha256=d6e3ae7a7cc7574f4b8893b4fca2162e57a825b223a177b7afa236c5ef9814cc
  irb (1.17.0) sha256=168c4ddb93d8a361a045c41d92b2952c7a118fa73f23fe14e55609eb7a863aae
  json (2.18.1) sha256=fe112755501b8d0466b5ada6cf50c8c3f41e897fa128ac5d263ec09eedc9f986
  language_server-protocol (3.17.0.5) sha256=fd1e39a51a28bf3eec959379985a72e296e9f9acfce46f6a79d31ca8760803cc
  lint_roller (1.1.0) sha256=2c0c845b632a7d172cb849cc90c1bce937a28c5c8ccccb50dfd46a485003cc87
  logger (1.7.0) sha256=196edec7cc44b66cfb40f9755ce11b392f21f7967696af15d274dde7edff0203
  memoist3 (1.0.0) sha256=686e42402cf150a362050c23143dc57b0ef88f8c344943ff8b7845792b50d56f
  method_source (1.1.0) sha256=181301c9c45b731b4769bc81e8860e72f9161ad7d66dd99103c9ab84f560f5c5
  mini_mime (1.1.5) sha256=8681b7e2e4215f2a159f9400b5816d85e9d8c6c6b491e96a12797e798f8bccef
  minitest (6.0.1) sha256=7854c74f48e2e975969062833adc4013f249a4b212f5e7b9d5c040bf838d54bb
  multi_test (1.1.0) sha256=e9e550cdd863fb72becfe344aefdcd4cbd26ebf307847f4a6c039a4082324d10
  optparse (0.8.1) sha256=42bea10d53907ccff4f080a69991441d611fbf8733b60ed1ce9ee365ce03bd1a
  parallel (1.27.0) sha256=4ac151e1806b755fb4e2dc2332cbf0e54f2e24ba821ff2d3dcf86bf6dc4ae130
  parser (3.3.10.1) sha256=06f6a725d2cd91e5e7f2b7c32ba143631e1f7c8ae2fb918fc4cebec187e6a688
  pp (0.6.3) sha256=2951d514450b93ccfeb1df7d021cae0da16e0a7f95ee1e2273719669d0ab9df6
  prettyprint (0.2.0) sha256=2bc9e15581a94742064a3cc8b0fb9d45aae3d03a1baa6ef80922627a0766f193
  prism (1.9.0) sha256=7b530c6a9f92c24300014919c9dcbc055bf4cdf51ec30aed099b06cd6674ef85
  pry (0.16.0) sha256=d76c69065698ed1f85e717bd33d7942c38a50868f6b0673c636192b3d1b6054e
  pry-byebug (3.12.0) sha256=594e094ae8a8390a7ad4c7b36ae36e13304ed02664c67417d108dc5f7213d1b7
  psych (5.3.1) sha256=eb7a57cef10c9d70173ff74e739d843ac3b2c019a003de48447b2963d81b1974
  racc (1.8.1) sha256=4a7f6929691dbec8b5209a0b373bc2614882b55fc5d2e447a21aaa691303d62f
  rack (3.2.4) sha256=5d74b6f75082a643f43c1e76b419c40f0e5527fcfee1e669ac1e6b73c0ccb6f6
  rainbow (3.1.1) sha256=039491aa3a89f42efa1d6dec2fc4e62ede96eb6acd95e52f1ad581182b79bc6a
  rake (13.3.1) sha256=8c9e89d09f66a26a01264e7e3480ec0607f0c497a861ef16063604b1b08eb19c
  rdoc (7.2.0) sha256=8650f76cd4009c3b54955eb5d7e3a075c60a57276766ebf36f9085e8c9f23192
  regexp_parser (2.11.3) sha256=ca13f381a173b7a93450e53459075c9b76a10433caadcb2f1180f2c741fc55a4
  reline (0.6.3) sha256=1198b04973565b36ec0f11542ab3f5cfeeec34823f4e54cebde90968092b1835
  rspec (3.13.2) sha256=206284a08ad798e61f86d7ca3e376718d52c0bc944626b2349266f239f820587
  rspec-core (3.13.6) sha256=a8823c6411667b60a8bca135364351dda34cd55e44ff94c4be4633b37d828b2d
  rspec-expectations (3.13.5) sha256=33a4d3a1d95060aea4c94e9f237030a8f9eae5615e9bd85718fe3a09e4b58836
  rspec-mocks (3.13.7) sha256=0979034e64b1d7a838aaaddf12bf065ea4dc40ef3d4c39f01f93ae2c66c62b1c
  rspec-support (3.13.7) sha256=0640e5570872aafefd79867901deeeeb40b0c9875a36b983d85f54fb7381c47c
  rubocop (1.84.2) sha256=5692cea54168f3dc8cb79a6fe95c5424b7ea893c707ad7a4307b0585e88dbf5f
  rubocop-ast (1.49.0) sha256=49c3676d3123a0923d333e20c6c2dbaaae2d2287b475273fddee0c61da9f71fd
  rubocop-performance (1.26.1) sha256=cd19b936ff196df85829d264b522fd4f98b6c89ad271fa52744a8c11b8f71834
  rubocop-rails (2.34.3) sha256=10d37989024865ecda8199f311f3faca990143fbac967de943f88aca11eb9ad2
  rubocop-rails-omakase (1.1.0) sha256=2af73ac8ee5852de2919abbd2618af9c15c19b512c4cfc1f9a5d3b6ef009109d
  rubocop-rspec (3.9.0) sha256=8fa70a3619408237d789aeecfb9beef40576acc855173e60939d63332fdb55e2
  rubocop-thread_safety (0.7.3) sha256=067cdd52fbf5deffc18995437e45b5194236eaff4f71de3375a1f6052e48f431
  ruby-progressbar (1.13.0) sha256=80fc9c47a9b640d6834e0dc7b3c94c9df37f08cb072b7761e4a71e22cff29b33
  ruby_audit (3.1.0) sha256=69ecff7ffd1c0066643ac4da3963dfa14297f6e8f166929f07d08f05724fc398
  securerandom (0.4.1) sha256=cc5193d414a4341b6e225f0cb4446aceca8e50d5e1888743fac16987638ea0b1
  simplecov (0.22.0) sha256=fe2622c7834ff23b98066bb0a854284b2729a569ac659f82621fc22ef36213a5
  simplecov-html (0.13.2) sha256=bd0b8e54e7c2d7685927e8d6286466359b6f16b18cb0df47b508e8d73c777246
  simplecov_json_formatter (0.1.4) sha256=529418fbe8de1713ac2b2d612aa3daa56d316975d307244399fa4838c601b428
  standard (1.54.0) sha256=7a4b08f83d9893083c8f03bc486f0feeb6a84d48233b40829c03ef4767ea0100
  standard-custom (1.0.2) sha256=424adc84179a074f1a2a309bb9cf7cd6bfdb2b6541f20c6bf9436c0ba22a652b
  standard-performance (1.9.0) sha256=49483d31be448292951d80e5e67cdcb576c2502103c7b40aec6f1b6e9c88e3f2
  stringio (3.2.0) sha256=c37cb2e58b4ffbd33fe5cd948c05934af997b36e0b6ca6fdf43afa234cf222e1
  sys-uname (1.4.1) sha256=ed2278ec670ee8af5eb5420d3a98e22188051f6241180db7c779993db2739a16
  thor (1.5.0) sha256=e3a9e55fe857e44859ce104a84675ab6e8cd59c650a49106a05f55f136425e73
  tsort (0.2.0) sha256=9650a793f6859a43b6641671278f79cfead60ac714148aabe4e3f0060480089f
  tzinfo (2.0.6) sha256=8daf828cc77bcf7d63b0e3bdb6caa47e2272dcfaf4fbfe46f8c3a9df087a829b
  unicode-display_width (3.2.0) sha256=0cdd96b5681a5949cdbc2c55e7b420facae74c4aaf9a9815eee1087cb1853c42
  unicode-emoji (4.2.0) sha256=519e69150f75652e40bf736106cfbc8f0f73aa3fb6a65afe62fefa7f80b0f80f
  uri (1.1.1) sha256=379fa58d27ffb1387eaada68c749d1426738bd0f654d812fcc07e7568f5c57c6
  zeitwerk (2.7.4) sha256=2bef90f356bdafe9a6c2bd32bcd804f83a4f9b8bc27f3600fff051eb3edcec8b

BUNDLED WITH
  4.0.3
